// !$*UTF8*$!
{
	archiveVersion = 1;
	classes = {
	};
	objectVersion = 46;
	objects = {

/* Begin PBXBuildFile section */
		AD36211F16436BF900013E40 /* libxml2.dylib in Frameworks */ = {isa = PBXBuildFile; fileRef = AD36211E16436BF900013E40 /* libxml2.dylib */; };
		AD36212316436CEC00013E40 /* GDataXMLElement+Extras.m in Sources */ = {isa = PBXBuildFile; fileRef = AD36212216436CEC00013E40 /* GDataXMLElement+Extras.m */; };
		AD36212716436ECB00013E40 /* RSSXMLParsingManager.m in Sources */ = {isa = PBXBuildFile; fileRef = AD36212616436ECB00013E40 /* RSSXMLParsingManager.m */; };
		AD36212A164381DC00013E40 /* RSSRootViewCell.m in Sources */ = {isa = PBXBuildFile; fileRef = AD362129164381DC00013E40 /* RSSRootViewCell.m */; };
		AD36212D164381F800013E40 /* RSSFeedViewCell.m in Sources */ = {isa = PBXBuildFile; fileRef = AD36212C164381F800013E40 /* RSSFeedViewCell.m */; };
		AD36212F1643898600013E40 /* orange-ball.png in Resources */ = {isa = PBXBuildFile; fileRef = AD36212E1643898600013E40 /* orange-ball.png */; };
		AD3621311643A93D00013E40 /* rss_new.png in Resources */ = {isa = PBXBuildFile; fileRef = AD3621301643A93D00013E40 /* rss_new.png */; };
		AD4C4DD91648BCB800687879 /* Social.framework in Frameworks */ = {isa = PBXBuildFile; fileRef = AD4C4DD81648BCB800687879 /* Social.framework */; };
		AD4C4DDC1648BCEE00687879 /* MessageUI.framework in Frameworks */ = {isa = PBXBuildFile; fileRef = AD4C4DDB1648BCEE00687879 /* MessageUI.framework */; };
		AD4C4DEC1648CA8A00687879 /* RSSSocialNetworkShareControllerFactory.m in Sources */ = {isa = PBXBuildFile; fileRef = AD4C4DEB1648CA8A00687879 /* RSSSocialNetworkShareControllerFactory.m */; };
		ADBEC62E1640C83600FC34F1 /* UIKit.framework in Frameworks */ = {isa = PBXBuildFile; fileRef = ADBEC62D1640C83600FC34F1 /* UIKit.framework */; };
		ADBEC6301640C83600FC34F1 /* Foundation.framework in Frameworks */ = {isa = PBXBuildFile; fileRef = ADBEC62F1640C83600FC34F1 /* Foundation.framework */; };
		ADBEC6321640C83600FC34F1 /* CoreGraphics.framework in Frameworks */ = {isa = PBXBuildFile; fileRef = ADBEC6311640C83600FC34F1 /* CoreGraphics.framework */; };
		ADBEC6381640C83600FC34F1 /* InfoPlist.strings in Resources */ = {isa = PBXBuildFile; fileRef = ADBEC6361640C83600FC34F1 /* InfoPlist.strings */; };
		ADBEC63A1640C83600FC34F1 /* main.m in Sources */ = {isa = PBXBuildFile; fileRef = ADBEC6391640C83600FC34F1 /* main.m */; };
		ADBEC6401640C83600FC34F1 /* Default.png in Resources */ = {isa = PBXBuildFile; fileRef = ADBEC63F1640C83600FC34F1 /* Default.png */; };
		ADBEC6421640C83600FC34F1 /* Default@2x.png in Resources */ = {isa = PBXBuildFile; fileRef = ADBEC6411640C83600FC34F1 /* Default@2x.png */; };
		ADBEC6441640C83600FC34F1 /* Default-568h@2x.png in Resources */ = {isa = PBXBuildFile; fileRef = ADBEC6431640C83600FC34F1 /* Default-568h@2x.png */; };
		ADBEC6471640C83600FC34F1 /* MainStoryboard.storyboard in Resources */ = {isa = PBXBuildFile; fileRef = ADBEC6451640C83600FC34F1 /* MainStoryboard.storyboard */; };
		ADBEC65C1640CAD100FC34F1 /* RSSMainViewController.m in Sources */ = {isa = PBXBuildFile; fileRef = ADBEC6561640CAD100FC34F1 /* RSSMainViewController.m */; };
		ADBEC65D1640CAD100FC34F1 /* RSSAppDelegate.m in Sources */ = {isa = PBXBuildFile; fileRef = ADBEC6581640CAD100FC34F1 /* RSSAppDelegate.m */; };
		ADBEC65E1640CAD100FC34F1 /* RSSWebViewController.m in Sources */ = {isa = PBXBuildFile; fileRef = ADBEC65B1640CAD100FC34F1 /* RSSWebViewController.m */; };
		ADBEC6621640CBE900FC34F1 /* RSSRootViewController.m in Sources */ = {isa = PBXBuildFile; fileRef = ADBEC6611640CBE900FC34F1 /* RSSRootViewController.m */; };
		ADBEC6651640CC6F00FC34F1 /* RSSDataModel.xcdatamodeld in Sources */ = {isa = PBXBuildFile; fileRef = ADBEC6631640CC6F00FC34F1 /* RSSDataModel.xcdatamodeld */; };
		ADBEC6821640D06000FC34F1 /* ASIAuthenticationDialog.m in Sources */ = {isa = PBXBuildFile; fileRef = ADBEC66C1640D06000FC34F1 /* ASIAuthenticationDialog.m */; };
		ADBEC6831640D06000FC34F1 /* ASIDataCompressor.m in Sources */ = {isa = PBXBuildFile; fileRef = ADBEC66F1640D06000FC34F1 /* ASIDataCompressor.m */; };
		ADBEC6841640D06000FC34F1 /* ASIDataDecompressor.m in Sources */ = {isa = PBXBuildFile; fileRef = ADBEC6711640D06000FC34F1 /* ASIDataDecompressor.m */; };
		ADBEC6851640D06000FC34F1 /* ASIDownloadCache.m in Sources */ = {isa = PBXBuildFile; fileRef = ADBEC6731640D06000FC34F1 /* ASIDownloadCache.m */; };
		ADBEC6861640D06000FC34F1 /* ASIFormDataRequest.m in Sources */ = {isa = PBXBuildFile; fileRef = ADBEC6751640D06000FC34F1 /* ASIFormDataRequest.m */; };
		ADBEC6871640D06000FC34F1 /* ASIHTTPRequest.m in Sources */ = {isa = PBXBuildFile; fileRef = ADBEC6771640D06000FC34F1 /* ASIHTTPRequest.m */; };
		ADBEC6881640D06000FC34F1 /* ASIInputStream.m in Sources */ = {isa = PBXBuildFile; fileRef = ADBEC67B1640D06000FC34F1 /* ASIInputStream.m */; };
		ADBEC6891640D06000FC34F1 /* ASINetworkQueue.m in Sources */ = {isa = PBXBuildFile; fileRef = ADBEC67D1640D06000FC34F1 /* ASINetworkQueue.m */; };
		ADBEC68A1640D06000FC34F1 /* Reachability.m in Sources */ = {isa = PBXBuildFile; fileRef = ADBEC6811640D06000FC34F1 /* Reachability.m */; };
		ADBEC68C1640D09700FC34F1 /* CFNetwork.framework in Frameworks */ = {isa = PBXBuildFile; fileRef = ADBEC68B1640D09700FC34F1 /* CFNetwork.framework */; };
		ADBEC68E1640D09F00FC34F1 /* SystemConfiguration.framework in Frameworks */ = {isa = PBXBuildFile; fileRef = ADBEC68D1640D09F00FC34F1 /* SystemConfiguration.framework */; };
		ADBEC6901640D0A800FC34F1 /* MobileCoreServices.framework in Frameworks */ = {isa = PBXBuildFile; fileRef = ADBEC68F1640D0A800FC34F1 /* MobileCoreServices.framework */; };
		ADBEC6921640D0B000FC34F1 /* libz.dylib in Frameworks */ = {isa = PBXBuildFile; fileRef = ADBEC6911640D0B000FC34F1 /* libz.dylib */; };
		ADBEC6991640D6BE00FC34F1 /* rounded_table_cell.png in Resources */ = {isa = PBXBuildFile; fileRef = ADBEC6961640D6BE00FC34F1 /* rounded_table_cell.png */; };
		ADBEC69A1640D6BE00FC34F1 /* rounded_table_cell_bottom@2x.png in Resources */ = {isa = PBXBuildFile; fileRef = ADBEC6971640D6BE00FC34F1 /* rounded_table_cell_bottom@2x.png */; };
		ADBEC69B1640D6BE00FC34F1 /* rounded_table_cell_top@2x.png in Resources */ = {isa = PBXBuildFile; fileRef = ADBEC6981640D6BE00FC34F1 /* rounded_table_cell_top@2x.png */; };
		ADBEC69D1640D77000FC34F1 /* Rounded_text_field.png in Resources */ = {isa = PBXBuildFile; fileRef = ADBEC69C1640D77000FC34F1 /* Rounded_text_field.png */; };
		ADBEC6A21640DB7100FC34F1 /* RSSFeedViewController.m in Sources */ = {isa = PBXBuildFile; fileRef = ADBEC6A11640DB7100FC34F1 /* RSSFeedViewController.m */; };
		ADBEC6A51640DBA900FC34F1 /* RSSAddViewController.m in Sources */ = {isa = PBXBuildFile; fileRef = ADBEC6A41640DBA900FC34F1 /* RSSAddViewController.m */; };
		ADBEC6AF164116BC00FC34F1 /* CoreData.framework in Frameworks */ = {isa = PBXBuildFile; fileRef = ADBEC6AE164116BC00FC34F1 /* CoreData.framework */; };
		ADBEC6B3164117B600FC34F1 /* RSS_Feed.m in Sources */ = {isa = PBXBuildFile; fileRef = ADBEC6B2164117B600FC34F1 /* RSS_Feed.m */; };
		ADBEC6B6164117B700FC34F1 /* RSS_Article.m in Sources */ = {isa = PBXBuildFile; fileRef = ADBEC6B5164117B600FC34F1 /* RSS_Article.m */; };
		ADBEC6B9164118ED00FC34F1 /* RSSUtility.m in Sources */ = {isa = PBXBuildFile; fileRef = ADBEC6B8164118ED00FC34F1 /* RSSUtility.m */; };
		ADBEC6C316412D2600FC34F1 /* rss.png in Resources */ = {isa = PBXBuildFile; fileRef = ADBEC6C216412D2600FC34F1 /* rss.png */; };
		ADBEC6C51641308000FC34F1 /* RSS_Reader_Logo.png in Resources */ = {isa = PBXBuildFile; fileRef = ADBEC6C41641308000FC34F1 /* RSS_Reader_Logo.png */; };
		ADBEC6C71641308500FC34F1 /* RSS_Reader_Logo_Retina.png in Resources */ = {isa = PBXBuildFile; fileRef = ADBEC6C61641308500FC34F1 /* RSS_Reader_Logo_Retina.png */; };
		ADCB00351647608E00BBF66D /* TPKeyboardAvoidingScrollView.m in Sources */ = {isa = PBXBuildFile; fileRef = ADCB00341647608E00BBF66D /* TPKeyboardAvoidingScrollView.m */; };
		ADD7B0D316422EAF0046C41A /* RSSNetworkManager.m in Sources */ = {isa = PBXBuildFile; fileRef = ADD7B0D216422EAF0046C41A /* RSSNetworkManager.m */; };
		ADD7B0D716424D2E0046C41A /* RSSDatabaseManager.m in Sources */ = {isa = PBXBuildFile; fileRef = ADD7B0D616424D2E0046C41A /* RSSDatabaseManager.m */; };
		ADD7B0E5164281B60046C41A /* GDataXMLNode.m in Sources */ = {isa = PBXBuildFile; fileRef = ADD7B0E4164281B60046C41A /* GDataXMLNode.m */; };
/* End PBXBuildFile section */

/* Begin PBXFileReference section */
		AD36211E16436BF900013E40 /* libxml2.dylib */ = {isa = PBXFileReference; lastKnownFileType = "compiled.mach-o.dylib"; name = libxml2.dylib; path = usr/lib/libxml2.dylib; sourceTree = SDKROOT; };
		AD36212116436CEC00013E40 /* GDataXMLElement+Extras.h */ = {isa = PBXFileReference; fileEncoding = 4; lastKnownFileType = sourcecode.c.h; path = "GDataXMLElement+Extras.h"; sourceTree = "<group>"; };
		AD36212216436CEC00013E40 /* GDataXMLElement+Extras.m */ = {isa = PBXFileReference; fileEncoding = 4; lastKnownFileType = sourcecode.c.objc; path = "GDataXMLElement+Extras.m"; sourceTree = "<group>"; };
		AD36212516436ECB00013E40 /* RSSXMLParsingManager.h */ = {isa = PBXFileReference; fileEncoding = 4; lastKnownFileType = sourcecode.c.h; path = RSSXMLParsingManager.h; sourceTree = "<group>"; };
		AD36212616436ECB00013E40 /* RSSXMLParsingManager.m */ = {isa = PBXFileReference; fileEncoding = 4; lastKnownFileType = sourcecode.c.objc; path = RSSXMLParsingManager.m; sourceTree = "<group>"; };
		AD362128164381DC00013E40 /* RSSRootViewCell.h */ = {isa = PBXFileReference; fileEncoding = 4; lastKnownFileType = sourcecode.c.h; path = RSSRootViewCell.h; sourceTree = "<group>"; };
		AD362129164381DC00013E40 /* RSSRootViewCell.m */ = {isa = PBXFileReference; fileEncoding = 4; lastKnownFileType = sourcecode.c.objc; path = RSSRootViewCell.m; sourceTree = "<group>"; };
		AD36212B164381F800013E40 /* RSSFeedViewCell.h */ = {isa = PBXFileReference; fileEncoding = 4; lastKnownFileType = sourcecode.c.h; path = RSSFeedViewCell.h; sourceTree = "<group>"; };
		AD36212C164381F800013E40 /* RSSFeedViewCell.m */ = {isa = PBXFileReference; fileEncoding = 4; lastKnownFileType = sourcecode.c.objc; path = RSSFeedViewCell.m; sourceTree = "<group>"; };
		AD36212E1643898600013E40 /* orange-ball.png */ = {isa = PBXFileReference; lastKnownFileType = image.png; path = "orange-ball.png"; sourceTree = "<group>"; };
		AD3621301643A93D00013E40 /* rss_new.png */ = {isa = PBXFileReference; lastKnownFileType = image.png; path = rss_new.png; sourceTree = "<group>"; };
		AD4C4DD81648BCB800687879 /* Social.framework */ = {isa = PBXFileReference; lastKnownFileType = wrapper.framework; name = Social.framework; path = System/Library/Frameworks/Social.framework; sourceTree = SDKROOT; };
		AD4C4DDB1648BCEE00687879 /* MessageUI.framework */ = {isa = PBXFileReference; lastKnownFileType = wrapper.framework; name = MessageUI.framework; path = System/Library/Frameworks/MessageUI.framework; sourceTree = SDKROOT; };
		AD4C4DEA1648CA8A00687879 /* RSSSocialNetworkShareControllerFactory.h */ = {isa = PBXFileReference; fileEncoding = 4; lastKnownFileType = sourcecode.c.h; path = RSSSocialNetworkShareControllerFactory.h; sourceTree = "<group>"; };
		AD4C4DEB1648CA8A00687879 /* RSSSocialNetworkShareControllerFactory.m */ = {isa = PBXFileReference; fileEncoding = 4; lastKnownFileType = sourcecode.c.objc; path = RSSSocialNetworkShareControllerFactory.m; sourceTree = "<group>"; };
		ADBEC6291640C83600FC34F1 /* RSSReader.app */ = {isa = PBXFileReference; explicitFileType = wrapper.application; includeInIndex = 0; path = RSSReader.app; sourceTree = BUILT_PRODUCTS_DIR; };
		ADBEC62D1640C83600FC34F1 /* UIKit.framework */ = {isa = PBXFileReference; lastKnownFileType = wrapper.framework; name = UIKit.framework; path = System/Library/Frameworks/UIKit.framework; sourceTree = SDKROOT; };
		ADBEC62F1640C83600FC34F1 /* Foundation.framework */ = {isa = PBXFileReference; lastKnownFileType = wrapper.framework; name = Foundation.framework; path = System/Library/Frameworks/Foundation.framework; sourceTree = SDKROOT; };
		ADBEC6311640C83600FC34F1 /* CoreGraphics.framework */ = {isa = PBXFileReference; lastKnownFileType = wrapper.framework; name = CoreGraphics.framework; path = System/Library/Frameworks/CoreGraphics.framework; sourceTree = SDKROOT; };
		ADBEC6351640C83600FC34F1 /* RSSReader-Info.plist */ = {isa = PBXFileReference; lastKnownFileType = text.plist.xml; path = "RSSReader-Info.plist"; sourceTree = "<group>"; };
		ADBEC6371640C83600FC34F1 /* en */ = {isa = PBXFileReference; lastKnownFileType = text.plist.strings; name = en; path = en.lproj/InfoPlist.strings; sourceTree = "<group>"; };
		ADBEC6391640C83600FC34F1 /* main.m */ = {isa = PBXFileReference; lastKnownFileType = sourcecode.c.objc; path = main.m; sourceTree = "<group>"; };
		ADBEC63B1640C83600FC34F1 /* RSSReader-Prefix.pch */ = {isa = PBXFileReference; lastKnownFileType = sourcecode.c.h; path = "RSSReader-Prefix.pch"; sourceTree = "<group>"; };
		ADBEC63F1640C83600FC34F1 /* Default.png */ = {isa = PBXFileReference; lastKnownFileType = image.png; path = Default.png; sourceTree = "<group>"; };
		ADBEC6411640C83600FC34F1 /* Default@2x.png */ = {isa = PBXFileReference; lastKnownFileType = image.png; path = "Default@2x.png"; sourceTree = "<group>"; };
		ADBEC6431640C83600FC34F1 /* Default-568h@2x.png */ = {isa = PBXFileReference; lastKnownFileType = image.png; path = "Default-568h@2x.png"; sourceTree = "<group>"; };
		ADBEC6461640C83600FC34F1 /* en */ = {isa = PBXFileReference; lastKnownFileType = file.storyboard; name = en; path = en.lproj/MainStoryboard.storyboard; sourceTree = "<group>"; };
		ADBEC6551640CAD100FC34F1 /* RSSMainViewController.h */ = {isa = PBXFileReference; fileEncoding = 4; lastKnownFileType = sourcecode.c.h; path = RSSMainViewController.h; sourceTree = "<group>"; };
		ADBEC6561640CAD100FC34F1 /* RSSMainViewController.m */ = {isa = PBXFileReference; fileEncoding = 4; lastKnownFileType = sourcecode.c.objc; path = RSSMainViewController.m; sourceTree = "<group>"; };
		ADBEC6571640CAD100FC34F1 /* RSSAppDelegate.h */ = {isa = PBXFileReference; fileEncoding = 4; lastKnownFileType = sourcecode.c.h; path = RSSAppDelegate.h; sourceTree = "<group>"; };
		ADBEC6581640CAD100FC34F1 /* RSSAppDelegate.m */ = {isa = PBXFileReference; fileEncoding = 4; lastKnownFileType = sourcecode.c.objc; path = RSSAppDelegate.m; sourceTree = "<group>"; };
		ADBEC65A1640CAD100FC34F1 /* RSSWebViewController.h */ = {isa = PBXFileReference; fileEncoding = 4; lastKnownFileType = sourcecode.c.h; path = RSSWebViewController.h; sourceTree = "<group>"; };
		ADBEC65B1640CAD100FC34F1 /* RSSWebViewController.m */ = {isa = PBXFileReference; fileEncoding = 4; lastKnownFileType = sourcecode.c.objc; path = RSSWebViewController.m; sourceTree = "<group>"; };
		ADBEC6601640CBE900FC34F1 /* RSSRootViewController.h */ = {isa = PBXFileReference; fileEncoding = 4; lastKnownFileType = sourcecode.c.h; path = RSSRootViewController.h; sourceTree = "<group>"; };
		ADBEC6611640CBE900FC34F1 /* RSSRootViewController.m */ = {isa = PBXFileReference; fileEncoding = 4; lastKnownFileType = sourcecode.c.objc; path = RSSRootViewController.m; sourceTree = "<group>"; };
		ADBEC6641640CC6F00FC34F1 /* RSSDataModel.xcdatamodel */ = {isa = PBXFileReference; lastKnownFileType = wrapper.xcdatamodel; path = RSSDataModel.xcdatamodel; sourceTree = "<group>"; };
		ADBEC66B1640D06000FC34F1 /* ASIAuthenticationDialog.h */ = {isa = PBXFileReference; fileEncoding = 4; lastKnownFileType = sourcecode.c.h; path = ASIAuthenticationDialog.h; sourceTree = "<group>"; };
		ADBEC66C1640D06000FC34F1 /* ASIAuthenticationDialog.m */ = {isa = PBXFileReference; fileEncoding = 4; lastKnownFileType = sourcecode.c.objc; path = ASIAuthenticationDialog.m; sourceTree = "<group>"; };
		ADBEC66D1640D06000FC34F1 /* ASICacheDelegate.h */ = {isa = PBXFileReference; fileEncoding = 4; lastKnownFileType = sourcecode.c.h; path = ASICacheDelegate.h; sourceTree = "<group>"; };
		ADBEC66E1640D06000FC34F1 /* ASIDataCompressor.h */ = {isa = PBXFileReference; fileEncoding = 4; lastKnownFileType = sourcecode.c.h; path = ASIDataCompressor.h; sourceTree = "<group>"; };
		ADBEC66F1640D06000FC34F1 /* ASIDataCompressor.m */ = {isa = PBXFileReference; fileEncoding = 4; lastKnownFileType = sourcecode.c.objc; path = ASIDataCompressor.m; sourceTree = "<group>"; };
		ADBEC6701640D06000FC34F1 /* ASIDataDecompressor.h */ = {isa = PBXFileReference; fileEncoding = 4; lastKnownFileType = sourcecode.c.h; path = ASIDataDecompressor.h; sourceTree = "<group>"; };
		ADBEC6711640D06000FC34F1 /* ASIDataDecompressor.m */ = {isa = PBXFileReference; fileEncoding = 4; lastKnownFileType = sourcecode.c.objc; path = ASIDataDecompressor.m; sourceTree = "<group>"; };
		ADBEC6721640D06000FC34F1 /* ASIDownloadCache.h */ = {isa = PBXFileReference; fileEncoding = 4; lastKnownFileType = sourcecode.c.h; path = ASIDownloadCache.h; sourceTree = "<group>"; };
		ADBEC6731640D06000FC34F1 /* ASIDownloadCache.m */ = {isa = PBXFileReference; fileEncoding = 4; lastKnownFileType = sourcecode.c.objc; path = ASIDownloadCache.m; sourceTree = "<group>"; };
		ADBEC6741640D06000FC34F1 /* ASIFormDataRequest.h */ = {isa = PBXFileReference; fileEncoding = 4; lastKnownFileType = sourcecode.c.h; path = ASIFormDataRequest.h; sourceTree = "<group>"; };
		ADBEC6751640D06000FC34F1 /* ASIFormDataRequest.m */ = {isa = PBXFileReference; fileEncoding = 4; lastKnownFileType = sourcecode.c.objc; path = ASIFormDataRequest.m; sourceTree = "<group>"; };
		ADBEC6761640D06000FC34F1 /* ASIHTTPRequest.h */ = {isa = PBXFileReference; fileEncoding = 4; lastKnownFileType = sourcecode.c.h; path = ASIHTTPRequest.h; sourceTree = "<group>"; };
		ADBEC6771640D06000FC34F1 /* ASIHTTPRequest.m */ = {isa = PBXFileReference; fileEncoding = 4; lastKnownFileType = sourcecode.c.objc; path = ASIHTTPRequest.m; sourceTree = "<group>"; };
		ADBEC6781640D06000FC34F1 /* ASIHTTPRequestConfig.h */ = {isa = PBXFileReference; fileEncoding = 4; lastKnownFileType = sourcecode.c.h; path = ASIHTTPRequestConfig.h; sourceTree = "<group>"; };
		ADBEC6791640D06000FC34F1 /* ASIHTTPRequestDelegate.h */ = {isa = PBXFileReference; fileEncoding = 4; lastKnownFileType = sourcecode.c.h; path = ASIHTTPRequestDelegate.h; sourceTree = "<group>"; };
		ADBEC67A1640D06000FC34F1 /* ASIInputStream.h */ = {isa = PBXFileReference; fileEncoding = 4; lastKnownFileType = sourcecode.c.h; path = ASIInputStream.h; sourceTree = "<group>"; };
		ADBEC67B1640D06000FC34F1 /* ASIInputStream.m */ = {isa = PBXFileReference; fileEncoding = 4; lastKnownFileType = sourcecode.c.objc; path = ASIInputStream.m; sourceTree = "<group>"; };
		ADBEC67C1640D06000FC34F1 /* ASINetworkQueue.h */ = {isa = PBXFileReference; fileEncoding = 4; lastKnownFileType = sourcecode.c.h; path = ASINetworkQueue.h; sourceTree = "<group>"; };
		ADBEC67D1640D06000FC34F1 /* ASINetworkQueue.m */ = {isa = PBXFileReference; fileEncoding = 4; lastKnownFileType = sourcecode.c.objc; path = ASINetworkQueue.m; sourceTree = "<group>"; };
		ADBEC67E1640D06000FC34F1 /* ASIProgressDelegate.h */ = {isa = PBXFileReference; fileEncoding = 4; lastKnownFileType = sourcecode.c.h; path = ASIProgressDelegate.h; sourceTree = "<group>"; };
		ADBEC6801640D06000FC34F1 /* Reachability.h */ = {isa = PBXFileReference; fileEncoding = 4; lastKnownFileType = sourcecode.c.h; path = Reachability.h; sourceTree = "<group>"; };
		ADBEC6811640D06000FC34F1 /* Reachability.m */ = {isa = PBXFileReference; fileEncoding = 4; lastKnownFileType = sourcecode.c.objc; path = Reachability.m; sourceTree = "<group>"; };
		ADBEC68B1640D09700FC34F1 /* CFNetwork.framework */ = {isa = PBXFileReference; lastKnownFileType = wrapper.framework; name = CFNetwork.framework; path = System/Library/Frameworks/CFNetwork.framework; sourceTree = SDKROOT; };
		ADBEC68D1640D09F00FC34F1 /* SystemConfiguration.framework */ = {isa = PBXFileReference; lastKnownFileType = wrapper.framework; name = SystemConfiguration.framework; path = System/Library/Frameworks/SystemConfiguration.framework; sourceTree = SDKROOT; };
		ADBEC68F1640D0A800FC34F1 /* MobileCoreServices.framework */ = {isa = PBXFileReference; lastKnownFileType = wrapper.framework; name = MobileCoreServices.framework; path = System/Library/Frameworks/MobileCoreServices.framework; sourceTree = SDKROOT; };
		ADBEC6911640D0B000FC34F1 /* libz.dylib */ = {isa = PBXFileReference; lastKnownFileType = "compiled.mach-o.dylib"; name = libz.dylib; path = usr/lib/libz.dylib; sourceTree = SDKROOT; };
		ADBEC6961640D6BE00FC34F1 /* rounded_table_cell.png */ = {isa = PBXFileReference; lastKnownFileType = image.png; path = rounded_table_cell.png; sourceTree = "<group>"; };
		ADBEC6971640D6BE00FC34F1 /* rounded_table_cell_bottom@2x.png */ = {isa = PBXFileReference; lastKnownFileType = image.png; path = "rounded_table_cell_bottom@2x.png"; sourceTree = "<group>"; };
		ADBEC6981640D6BE00FC34F1 /* rounded_table_cell_top@2x.png */ = {isa = PBXFileReference; lastKnownFileType = image.png; path = "rounded_table_cell_top@2x.png"; sourceTree = "<group>"; };
		ADBEC69C1640D77000FC34F1 /* Rounded_text_field.png */ = {isa = PBXFileReference; lastKnownFileType = image.png; path = Rounded_text_field.png; sourceTree = "<group>"; };
		ADBEC6A01640DB7100FC34F1 /* RSSFeedViewController.h */ = {isa = PBXFileReference; fileEncoding = 4; lastKnownFileType = sourcecode.c.h; path = RSSFeedViewController.h; sourceTree = "<group>"; };
		ADBEC6A11640DB7100FC34F1 /* RSSFeedViewController.m */ = {isa = PBXFileReference; fileEncoding = 4; lastKnownFileType = sourcecode.c.objc; path = RSSFeedViewController.m; sourceTree = "<group>"; };
		ADBEC6A31640DBA900FC34F1 /* RSSAddViewController.h */ = {isa = PBXFileReference; fileEncoding = 4; lastKnownFileType = sourcecode.c.h; path = RSSAddViewController.h; sourceTree = "<group>"; };
		ADBEC6A41640DBA900FC34F1 /* RSSAddViewController.m */ = {isa = PBXFileReference; fileEncoding = 4; lastKnownFileType = sourcecode.c.objc; path = RSSAddViewController.m; sourceTree = "<group>"; };
		ADBEC6AE164116BC00FC34F1 /* CoreData.framework */ = {isa = PBXFileReference; lastKnownFileType = wrapper.framework; name = CoreData.framework; path = System/Library/Frameworks/CoreData.framework; sourceTree = SDKROOT; };
		ADBEC6B1164117B500FC34F1 /* RSS_Feed.h */ = {isa = PBXFileReference; fileEncoding = 4; lastKnownFileType = sourcecode.c.h; path = RSS_Feed.h; sourceTree = "<group>"; };
		ADBEC6B2164117B600FC34F1 /* RSS_Feed.m */ = {isa = PBXFileReference; fileEncoding = 4; lastKnownFileType = sourcecode.c.objc; path = RSS_Feed.m; sourceTree = "<group>"; };
		ADBEC6B4164117B600FC34F1 /* RSS_Article.h */ = {isa = PBXFileReference; fileEncoding = 4; lastKnownFileType = sourcecode.c.h; path = RSS_Article.h; sourceTree = "<group>"; };
		ADBEC6B5164117B600FC34F1 /* RSS_Article.m */ = {isa = PBXFileReference; fileEncoding = 4; lastKnownFileType = sourcecode.c.objc; path = RSS_Article.m; sourceTree = "<group>"; };
		ADBEC6B7164118ED00FC34F1 /* RSSUtility.h */ = {isa = PBXFileReference; fileEncoding = 4; lastKnownFileType = sourcecode.c.h; path = RSSUtility.h; sourceTree = "<group>"; };
		ADBEC6B8164118ED00FC34F1 /* RSSUtility.m */ = {isa = PBXFileReference; fileEncoding = 4; lastKnownFileType = sourcecode.c.objc; path = RSSUtility.m; sourceTree = "<group>"; };
		ADBEC6C216412D2600FC34F1 /* rss.png */ = {isa = PBXFileReference; lastKnownFileType = image.png; path = rss.png; sourceTree = "<group>"; };
		ADBEC6C41641308000FC34F1 /* RSS_Reader_Logo.png */ = {isa = PBXFileReference; lastKnownFileType = image.png; name = RSS_Reader_Logo.png; path = ../../../RSS_Reader_Logo.png; sourceTree = "<group>"; };
		ADBEC6C61641308500FC34F1 /* RSS_Reader_Logo_Retina.png */ = {isa = PBXFileReference; lastKnownFileType = image.png; name = RSS_Reader_Logo_Retina.png; path = ../../../RSS_Reader_Logo_Retina.png; sourceTree = "<group>"; };
		ADCB00331647608E00BBF66D /* TPKeyboardAvoidingScrollView.h */ = {isa = PBXFileReference; fileEncoding = 4; lastKnownFileType = sourcecode.c.h; path = TPKeyboardAvoidingScrollView.h; sourceTree = "<group>"; };
		ADCB00341647608E00BBF66D /* TPKeyboardAvoidingScrollView.m */ = {isa = PBXFileReference; fileEncoding = 4; lastKnownFileType = sourcecode.c.objc; path = TPKeyboardAvoidingScrollView.m; sourceTree = "<group>"; };
		ADD7B0D116422EAF0046C41A /* RSSNetworkManager.h */ = {isa = PBXFileReference; fileEncoding = 4; lastKnownFileType = sourcecode.c.h; path = RSSNetworkManager.h; sourceTree = "<group>"; };
		ADD7B0D216422EAF0046C41A /* RSSNetworkManager.m */ = {isa = PBXFileReference; fileEncoding = 4; lastKnownFileType = sourcecode.c.objc; path = RSSNetworkManager.m; sourceTree = "<group>"; };
		ADD7B0D516424D2E0046C41A /* RSSDatabaseManager.h */ = {isa = PBXFileReference; fileEncoding = 4; lastKnownFileType = sourcecode.c.h; path = RSSDatabaseManager.h; sourceTree = "<group>"; };
		ADD7B0D616424D2E0046C41A /* RSSDatabaseManager.m */ = {isa = PBXFileReference; fileEncoding = 4; lastKnownFileType = sourcecode.c.objc; path = RSSDatabaseManager.m; sourceTree = "<group>"; };
		ADD7B0E3164281B60046C41A /* GDataXMLNode.h */ = {isa = PBXFileReference; fileEncoding = 4; lastKnownFileType = sourcecode.c.h; path = GDataXMLNode.h; sourceTree = "<group>"; };
		ADD7B0E4164281B60046C41A /* GDataXMLNode.m */ = {isa = PBXFileReference; fileEncoding = 4; lastKnownFileType = sourcecode.c.objc; path = GDataXMLNode.m; sourceTree = "<group>"; };
/* End PBXFileReference section */

/* Begin PBXFrameworksBuildPhase section */
		ADBEC6261640C83600FC34F1 /* Frameworks */ = {
			isa = PBXFrameworksBuildPhase;
			buildActionMask = 2147483647;
			files = (
				AD4C4DDC1648BCEE00687879 /* MessageUI.framework in Frameworks */,
				AD4C4DD91648BCB800687879 /* Social.framework in Frameworks */,
				AD36211F16436BF900013E40 /* libxml2.dylib in Frameworks */,
				ADBEC6AF164116BC00FC34F1 /* CoreData.framework in Frameworks */,
				ADBEC6921640D0B000FC34F1 /* libz.dylib in Frameworks */,
				ADBEC6901640D0A800FC34F1 /* MobileCoreServices.framework in Frameworks */,
				ADBEC68E1640D09F00FC34F1 /* SystemConfiguration.framework in Frameworks */,
				ADBEC68C1640D09700FC34F1 /* CFNetwork.framework in Frameworks */,
				ADBEC62E1640C83600FC34F1 /* UIKit.framework in Frameworks */,
				ADBEC6301640C83600FC34F1 /* Foundation.framework in Frameworks */,
				ADBEC6321640C83600FC34F1 /* CoreGraphics.framework in Frameworks */,
			);
			runOnlyForDeploymentPostprocessing = 0;
		};
/* End PBXFrameworksBuildPhase section */

/* Begin PBXGroup section */
		AD36212416436EB200013E40 /* XMLParsingManager */ = {
			isa = PBXGroup;
			children = (
				AD36212516436ECB00013E40 /* RSSXMLParsingManager.h */,
				AD36212616436ECB00013E40 /* RSSXMLParsingManager.m */,
			);
			path = XMLParsingManager;
			sourceTree = "<group>";
		};
		AD4C4DDD1648C5FF00687879 /* SocialNetwork */ = {
			isa = PBXGroup;
			children = (
				AD4C4DEA1648CA8A00687879 /* RSSSocialNetworkShareControllerFactory.h */,
				AD4C4DEB1648CA8A00687879 /* RSSSocialNetworkShareControllerFactory.m */,
			);
			path = SocialNetwork;
			sourceTree = "<group>";
		};
		ADBEC61E1640C83600FC34F1 = {
			isa = PBXGroup;
			children = (
				ADBEC6331640C83600FC34F1 /* RSSReader */,
				ADBEC62C1640C83600FC34F1 /* Frameworks */,
				ADBEC62A1640C83600FC34F1 /* Products */,
			);
			sourceTree = "<group>";
		};
		ADBEC62A1640C83600FC34F1 /* Products */ = {
			isa = PBXGroup;
			children = (
				ADBEC6291640C83600FC34F1 /* RSSReader.app */,
			);
			name = Products;
			sourceTree = "<group>";
		};
		ADBEC62C1640C83600FC34F1 /* Frameworks */ = {
			isa = PBXGroup;
			children = (
				AD4C4DDB1648BCEE00687879 /* MessageUI.framework */,
				AD4C4DD81648BCB800687879 /* Social.framework */,
				ADBEC6AE164116BC00FC34F1 /* CoreData.framework */,
				AD36211E16436BF900013E40 /* libxml2.dylib */,
				ADBEC6911640D0B000FC34F1 /* libz.dylib */,
				ADBEC68F1640D0A800FC34F1 /* MobileCoreServices.framework */,
				ADBEC68D1640D09F00FC34F1 /* SystemConfiguration.framework */,
				ADBEC68B1640D09700FC34F1 /* CFNetwork.framework */,
				ADBEC62D1640C83600FC34F1 /* UIKit.framework */,
				ADBEC62F1640C83600FC34F1 /* Foundation.framework */,
				ADBEC6311640C83600FC34F1 /* CoreGraphics.framework */,
			);
			name = Frameworks;
			sourceTree = "<group>";
		};
		ADBEC6331640C83600FC34F1 /* RSSReader */ = {
			isa = PBXGroup;
			children = (
				ADBEC6531640CAD100FC34F1 /* Source */,
				ADBEC6451640C83600FC34F1 /* MainStoryboard.storyboard */,
				ADBEC6631640CC6F00FC34F1 /* RSSDataModel.xcdatamodeld */,
				ADBEC6931640D6BE00FC34F1 /* Resources */,
				ADBEC6341640C83600FC34F1 /* Supporting Files */,
			);
			path = RSSReader;
			sourceTree = "<group>";
		};
		ADBEC6341640C83600FC34F1 /* Supporting Files */ = {
			isa = PBXGroup;
			children = (
				ADBEC6351640C83600FC34F1 /* RSSReader-Info.plist */,
				ADBEC6361640C83600FC34F1 /* InfoPlist.strings */,
				ADBEC6391640C83600FC34F1 /* main.m */,
				ADBEC63B1640C83600FC34F1 /* RSSReader-Prefix.pch */,
				ADBEC63F1640C83600FC34F1 /* Default.png */,
				ADBEC6411640C83600FC34F1 /* Default@2x.png */,
				ADBEC6431640C83600FC34F1 /* Default-568h@2x.png */,
			);
			name = "Supporting Files";
			sourceTree = "<group>";
		};
		ADBEC6531640CAD100FC34F1 /* Source */ = {
			isa = PBXGroup;
			children = (
				ADBEC6571640CAD100FC34F1 /* RSSAppDelegate.h */,
				ADBEC6581640CAD100FC34F1 /* RSSAppDelegate.m */,
				ADBEC6B7164118ED00FC34F1 /* RSSUtility.h */,
				ADBEC6B8164118ED00FC34F1 /* RSSUtility.m */,
				ADCB00331647608E00BBF66D /* TPKeyboardAvoidingScrollView.h */,
				ADCB00341647608E00BBF66D /* TPKeyboardAvoidingScrollView.m */,
				ADBEC6541640CAD100FC34F1 /* MainViewController */,
				ADBEC65F1640CBCB00FC34F1 /* RootViewController */,
				ADBEC69F1640DB5D00FC34F1 /* FeedViewController */,
				AD4C4DDD1648C5FF00687879 /* SocialNetwork */,
				ADBEC6591640CAD100FC34F1 /* WebViewController */,
				ADBEC66A1640D06000FC34F1 /* ASIHTTPRequest */,
				ADD7B0E2164281B60046C41A /* GDataXML */,
				AD36212416436EB200013E40 /* XMLParsingManager */,
				ADBEC6B0164117AC00FC34F1 /* Model */,
				ADD7B0CF16422E9B0046C41A /* NetworkRealted */,
				ADD7B0D416424D1A0046C41A /* DatabaseRelated */,
			);
			path = Source;
			sourceTree = "<group>";
		};
		ADBEC6541640CAD100FC34F1 /* MainViewController */ = {
			isa = PBXGroup;
			children = (
				ADBEC6551640CAD100FC34F1 /* RSSMainViewController.h */,
				ADBEC6561640CAD100FC34F1 /* RSSMainViewController.m */,
			);
			path = MainViewController;
			sourceTree = "<group>";
		};
		ADBEC6591640CAD100FC34F1 /* WebViewController */ = {
			isa = PBXGroup;
			children = (
				ADBEC65A1640CAD100FC34F1 /* RSSWebViewController.h */,
				ADBEC65B1640CAD100FC34F1 /* RSSWebViewController.m */,
			);
			path = WebViewController;
			sourceTree = "<group>";
		};
		ADBEC65F1640CBCB00FC34F1 /* RootViewController */ = {
			isa = PBXGroup;
			children = (
				ADBEC6601640CBE900FC34F1 /* RSSRootViewController.h */,
				ADBEC6611640CBE900FC34F1 /* RSSRootViewController.m */,
				AD362128164381DC00013E40 /* RSSRootViewCell.h */,
				AD362129164381DC00013E40 /* RSSRootViewCell.m */,
				ADBEC69E1640DB3900FC34F1 /* AddRSSController */,
			);
			path = RootViewController;
			sourceTree = "<group>";
		};
		ADBEC66A1640D06000FC34F1 /* ASIHTTPRequest */ = {
			isa = PBXGroup;
			children = (
				ADBEC66B1640D06000FC34F1 /* ASIAuthenticationDialog.h */,
				ADBEC66C1640D06000FC34F1 /* ASIAuthenticationDialog.m */,
				ADBEC66D1640D06000FC34F1 /* ASICacheDelegate.h */,
				ADBEC66E1640D06000FC34F1 /* ASIDataCompressor.h */,
				ADBEC66F1640D06000FC34F1 /* ASIDataCompressor.m */,
				ADBEC6701640D06000FC34F1 /* ASIDataDecompressor.h */,
				ADBEC6711640D06000FC34F1 /* ASIDataDecompressor.m */,
				ADBEC6721640D06000FC34F1 /* ASIDownloadCache.h */,
				ADBEC6731640D06000FC34F1 /* ASIDownloadCache.m */,
				ADBEC6741640D06000FC34F1 /* ASIFormDataRequest.h */,
				ADBEC6751640D06000FC34F1 /* ASIFormDataRequest.m */,
				ADBEC6761640D06000FC34F1 /* ASIHTTPRequest.h */,
				ADBEC6771640D06000FC34F1 /* ASIHTTPRequest.m */,
				ADBEC6781640D06000FC34F1 /* ASIHTTPRequestConfig.h */,
				ADBEC6791640D06000FC34F1 /* ASIHTTPRequestDelegate.h */,
				ADBEC67A1640D06000FC34F1 /* ASIInputStream.h */,
				ADBEC67B1640D06000FC34F1 /* ASIInputStream.m */,
				ADBEC67C1640D06000FC34F1 /* ASINetworkQueue.h */,
				ADBEC67D1640D06000FC34F1 /* ASINetworkQueue.m */,
				ADBEC67E1640D06000FC34F1 /* ASIProgressDelegate.h */,
				ADBEC67F1640D06000FC34F1 /* Reachability */,
			);
			path = ASIHTTPRequest;
			sourceTree = "<group>";
		};
		ADBEC67F1640D06000FC34F1 /* Reachability */ = {
			isa = PBXGroup;
			children = (
				ADBEC6801640D06000FC34F1 /* Reachability.h */,
				ADBEC6811640D06000FC34F1 /* Reachability.m */,
			);
			path = Reachability;
			sourceTree = "<group>";
		};
		ADBEC6931640D6BE00FC34F1 /* Resources */ = {
			isa = PBXGroup;
			children = (
				ADBEC6941640D6BE00FC34F1 /* Images */,
			);
			path = Resources;
			sourceTree = "<group>";
		};
		ADBEC6941640D6BE00FC34F1 /* Images */ = {
			isa = PBXGroup;
			children = (
				AD36212E1643898600013E40 /* orange-ball.png */,
				AD3621301643A93D00013E40 /* rss_new.png */,
				ADBEC6C216412D2600FC34F1 /* rss.png */,
				ADBEC6C61641308500FC34F1 /* RSS_Reader_Logo_Retina.png */,
				ADBEC6C41641308000FC34F1 /* RSS_Reader_Logo.png */,
				ADBEC6951640D6BE00FC34F1 /* Add New RSS */,
			);
			path = Images;
			sourceTree = "<group>";
		};
		ADBEC6951640D6BE00FC34F1 /* Add New RSS */ = {
			isa = PBXGroup;
			children = (
				ADBEC6961640D6BE00FC34F1 /* rounded_table_cell.png */,
				ADBEC6971640D6BE00FC34F1 /* rounded_table_cell_bottom@2x.png */,
				ADBEC6981640D6BE00FC34F1 /* rounded_table_cell_top@2x.png */,
				ADBEC69C1640D77000FC34F1 /* Rounded_text_field.png */,
			);
			path = "Add New RSS";
			sourceTree = "<group>";
		};
		ADBEC69E1640DB3900FC34F1 /* AddRSSController */ = {
			isa = PBXGroup;
			children = (
				ADBEC6A31640DBA900FC34F1 /* RSSAddViewController.h */,
				ADBEC6A41640DBA900FC34F1 /* RSSAddViewController.m */,
			);
			path = AddRSSController;
			sourceTree = "<group>";
		};
		ADBEC69F1640DB5D00FC34F1 /* FeedViewController */ = {
			isa = PBXGroup;
			children = (
				ADBEC6A01640DB7100FC34F1 /* RSSFeedViewController.h */,
				ADBEC6A11640DB7100FC34F1 /* RSSFeedViewController.m */,
				AD36212B164381F800013E40 /* RSSFeedViewCell.h */,
				AD36212C164381F800013E40 /* RSSFeedViewCell.m */,
			);
			path = FeedViewController;
			sourceTree = "<group>";
		};
		ADBEC6B0164117AC00FC34F1 /* Model */ = {
			isa = PBXGroup;
			children = (
				ADBEC6B4164117B600FC34F1 /* RSS_Article.h */,
				ADBEC6B5164117B600FC34F1 /* RSS_Article.m */,
				ADBEC6B1164117B500FC34F1 /* RSS_Feed.h */,
				ADBEC6B2164117B600FC34F1 /* RSS_Feed.m */,
			);
			path = Model;
			sourceTree = "<group>";
		};
		ADD7B0CF16422E9B0046C41A /* NetworkRealted */ = {
			isa = PBXGroup;
			children = (
				ADD7B0D116422EAF0046C41A /* RSSNetworkManager.h */,
				ADD7B0D216422EAF0046C41A /* RSSNetworkManager.m */,
			);
			path = NetworkRealted;
			sourceTree = "<group>";
		};
		ADD7B0D416424D1A0046C41A /* DatabaseRelated */ = {
			isa = PBXGroup;
			children = (
				ADD7B0D516424D2E0046C41A /* RSSDatabaseManager.h */,
				ADD7B0D616424D2E0046C41A /* RSSDatabaseManager.m */,
			);
			path = DatabaseRelated;
			sourceTree = "<group>";
		};
		ADD7B0E2164281B60046C41A /* GDataXML */ = {
			isa = PBXGroup;
			children = (
				ADD7B0E3164281B60046C41A /* GDataXMLNode.h */,
				ADD7B0E4164281B60046C41A /* GDataXMLNode.m */,
				AD36212116436CEC00013E40 /* GDataXMLElement+Extras.h */,
				AD36212216436CEC00013E40 /* GDataXMLElement+Extras.m */,
			);
			path = GDataXML;
			sourceTree = "<group>";
		};
/* End PBXGroup section */

/* Begin PBXNativeTarget section */
		ADBEC6281640C83600FC34F1 /* RSSReader */ = {
			isa = PBXNativeTarget;
			buildConfigurationList = ADBEC64D1640C83600FC34F1 /* Build configuration list for PBXNativeTarget "RSSReader" */;
			buildPhases = (
				ADBEC6251640C83600FC34F1 /* Sources */,
				ADBEC6261640C83600FC34F1 /* Frameworks */,
				ADBEC6271640C83600FC34F1 /* Resources */,
			);
			buildRules = (
			);
			dependencies = (
			);
			name = RSSReader;
			productName = RSSReader;
			productReference = ADBEC6291640C83600FC34F1 /* RSSReader.app */;
			productType = "com.apple.product-type.application";
		};
/* End PBXNativeTarget section */

/* Begin PBXProject section */
		ADBEC6201640C83600FC34F1 /* Project object */ = {
			isa = PBXProject;
			attributes = {
				CLASSPREFIX = RSS;
				LastUpgradeCheck = 0450;
				ORGANIZATIONNAME = "Exilant Technologies Pvt Ltd";
			};
			buildConfigurationList = ADBEC6231640C83600FC34F1 /* Build configuration list for PBXProject "RSSReader" */;
			compatibilityVersion = "Xcode 3.2";
			developmentRegion = English;
			hasScannedForEncodings = 0;
			knownRegions = (
				en,
			);
			mainGroup = ADBEC61E1640C83600FC34F1;
			productRefGroup = ADBEC62A1640C83600FC34F1 /* Products */;
			projectDirPath = "";
			projectRoot = "";
			targets = (
				ADBEC6281640C83600FC34F1 /* RSSReader */,
			);
		};
/* End PBXProject section */

/* Begin PBXResourcesBuildPhase section */
		ADBEC6271640C83600FC34F1 /* Resources */ = {
			isa = PBXResourcesBuildPhase;
			buildActionMask = 2147483647;
			files = (
				ADBEC6381640C83600FC34F1 /* InfoPlist.strings in Resources */,
				ADBEC6401640C83600FC34F1 /* Default.png in Resources */,
				ADBEC6421640C83600FC34F1 /* Default@2x.png in Resources */,
				ADBEC6441640C83600FC34F1 /* Default-568h@2x.png in Resources */,
				ADBEC6471640C83600FC34F1 /* MainStoryboard.storyboard in Resources */,
				ADBEC6991640D6BE00FC34F1 /* rounded_table_cell.png in Resources */,
				ADBEC69A1640D6BE00FC34F1 /* rounded_table_cell_bottom@2x.png in Resources */,
				ADBEC69B1640D6BE00FC34F1 /* rounded_table_cell_top@2x.png in Resources */,
				ADBEC69D1640D77000FC34F1 /* Rounded_text_field.png in Resources */,
				ADBEC6C316412D2600FC34F1 /* rss.png in Resources */,
				ADBEC6C51641308000FC34F1 /* RSS_Reader_Logo.png in Resources */,
				ADBEC6C71641308500FC34F1 /* RSS_Reader_Logo_Retina.png in Resources */,
				AD36212F1643898600013E40 /* orange-ball.png in Resources */,
				AD3621311643A93D00013E40 /* rss_new.png in Resources */,
			);
			runOnlyForDeploymentPostprocessing = 0;
		};
/* End PBXResourcesBuildPhase section */

/* Begin PBXSourcesBuildPhase section */
		ADBEC6251640C83600FC34F1 /* Sources */ = {
			isa = PBXSourcesBuildPhase;
			buildActionMask = 2147483647;
			files = (
				ADBEC63A1640C83600FC34F1 /* main.m in Sources */,
				ADBEC65C1640CAD100FC34F1 /* RSSMainViewController.m in Sources */,
				ADBEC65D1640CAD100FC34F1 /* RSSAppDelegate.m in Sources */,
				ADBEC65E1640CAD100FC34F1 /* RSSWebViewController.m in Sources */,
				ADBEC6621640CBE900FC34F1 /* RSSRootViewController.m in Sources */,
				ADBEC6651640CC6F00FC34F1 /* RSSDataModel.xcdatamodeld in Sources */,
				ADBEC6821640D06000FC34F1 /* ASIAuthenticationDialog.m in Sources */,
				ADBEC6831640D06000FC34F1 /* ASIDataCompressor.m in Sources */,
				ADBEC6841640D06000FC34F1 /* ASIDataDecompressor.m in Sources */,
				ADBEC6851640D06000FC34F1 /* ASIDownloadCache.m in Sources */,
				ADBEC6861640D06000FC34F1 /* ASIFormDataRequest.m in Sources */,
				ADBEC6871640D06000FC34F1 /* ASIHTTPRequest.m in Sources */,
				ADBEC6881640D06000FC34F1 /* ASIInputStream.m in Sources */,
				ADBEC6891640D06000FC34F1 /* ASINetworkQueue.m in Sources */,
				ADBEC68A1640D06000FC34F1 /* Reachability.m in Sources */,
				ADBEC6A21640DB7100FC34F1 /* RSSFeedViewController.m in Sources */,
				ADBEC6A51640DBA900FC34F1 /* RSSAddViewController.m in Sources */,
				ADBEC6B3164117B600FC34F1 /* RSS_Feed.m in Sources */,
				ADBEC6B6164117B700FC34F1 /* RSS_Article.m in Sources */,
				ADBEC6B9164118ED00FC34F1 /* RSSUtility.m in Sources */,
				ADD7B0D316422EAF0046C41A /* RSSNetworkManager.m in Sources */,
				ADD7B0D716424D2E0046C41A /* RSSDatabaseManager.m in Sources */,
				ADD7B0E5164281B60046C41A /* GDataXMLNode.m in Sources */,
				AD36212316436CEC00013E40 /* GDataXMLElement+Extras.m in Sources */,
				AD36212716436ECB00013E40 /* RSSXMLParsingManager.m in Sources */,
				AD36212A164381DC00013E40 /* RSSRootViewCell.m in Sources */,
				AD36212D164381F800013E40 /* RSSFeedViewCell.m in Sources */,
				ADCB00351647608E00BBF66D /* TPKeyboardAvoidingScrollView.m in Sources */,
				AD4C4DEC1648CA8A00687879 /* RSSSocialNetworkShareControllerFactory.m in Sources */,
			);
			runOnlyForDeploymentPostprocessing = 0;
		};
/* End PBXSourcesBuildPhase section */

/* Begin PBXVariantGroup section */
		ADBEC6361640C83600FC34F1 /* InfoPlist.strings */ = {
			isa = PBXVariantGroup;
			children = (
				ADBEC6371640C83600FC34F1 /* en */,
			);
			name = InfoPlist.strings;
			sourceTree = "<group>";
		};
		ADBEC6451640C83600FC34F1 /* MainStoryboard.storyboard */ = {
			isa = PBXVariantGroup;
			children = (
				ADBEC6461640C83600FC34F1 /* en */,
			);
			name = MainStoryboard.storyboard;
			sourceTree = "<group>";
		};
/* End PBXVariantGroup section */

/* Begin XCBuildConfiguration section */
		ADBEC64B1640C83600FC34F1 /* Debug */ = {
			isa = XCBuildConfiguration;
			buildSettings = {
				ALWAYS_SEARCH_USER_PATHS = NO;
				CLANG_CXX_LANGUAGE_STANDARD = "gnu++0x";
				CLANG_CXX_LIBRARY = "libc++";
				CLANG_WARN_EMPTY_BODY = YES;
				CLANG_WARN__DUPLICATE_METHOD_MATCH = YES;
				"CODE_SIGN_IDENTITY[sdk=iphoneos*]" = "iPhone Developer";
				COPY_PHASE_STRIP = NO;
				GCC_C_LANGUAGE_STANDARD = gnu99;
				GCC_DYNAMIC_NO_PIC = NO;
				GCC_OPTIMIZATION_LEVEL = 0;
				GCC_PREPROCESSOR_DEFINITIONS = (
					"DEBUG=1",
					"$(inherited)",
				);
				GCC_SYMBOLS_PRIVATE_EXTERN = NO;
				GCC_WARN_ABOUT_RETURN_TYPE = YES;
				GCC_WARN_UNINITIALIZED_AUTOS = YES;
				GCC_WARN_UNUSED_VARIABLE = YES;
				IPHONEOS_DEPLOYMENT_TARGET = 6.0;
				ONLY_ACTIVE_ARCH = YES;
				SDKROOT = iphoneos;
			};
			name = Debug;
		};
		ADBEC64C1640C83600FC34F1 /* Release */ = {
			isa = XCBuildConfiguration;
			buildSettings = {
				ALWAYS_SEARCH_USER_PATHS = NO;
				CLANG_CXX_LANGUAGE_STANDARD = "gnu++0x";
				CLANG_CXX_LIBRARY = "libc++";
				CLANG_WARN_EMPTY_BODY = YES;
				CLANG_WARN__DUPLICATE_METHOD_MATCH = YES;
				"CODE_SIGN_IDENTITY[sdk=iphoneos*]" = "iPhone Developer";
				COPY_PHASE_STRIP = YES;
				GCC_C_LANGUAGE_STANDARD = gnu99;
				GCC_WARN_ABOUT_RETURN_TYPE = YES;
				GCC_WARN_UNINITIALIZED_AUTOS = YES;
				GCC_WARN_UNUSED_VARIABLE = YES;
				IPHONEOS_DEPLOYMENT_TARGET = 6.0;
				OTHER_CFLAGS = "-DNS_BLOCK_ASSERTIONS=1";
				SDKROOT = iphoneos;
				VALIDATE_PRODUCT = YES;
			};
			name = Release;
		};
		ADBEC64E1640C83600FC34F1 /* Debug */ = {
			isa = XCBuildConfiguration;
			buildSettings = {
				GCC_PRECOMPILE_PREFIX_HEADER = YES;
				GCC_PREFIX_HEADER = "RSSReader/RSSReader-Prefix.pch";
				HEADER_SEARCH_PATHS = /usr/include/libxml2;
				INFOPLIST_FILE = "RSSReader/RSSReader-Info.plist";
				OTHER_LDFLAGS = "-lxml2";
				PRODUCT_NAME = "$(TARGET_NAME)";
				WRAPPER_EXTENSION = app;
			};
			name = Debug;
		};
		ADBEC64F1640C83600FC34F1 /* Release */ = {
			isa = XCBuildConfiguration;
			buildSettings = {
				GCC_PRECOMPILE_PREFIX_HEADER = YES;
				GCC_PREFIX_HEADER = "RSSReader/RSSReader-Prefix.pch";
				HEADER_SEARCH_PATHS = /usr/include/libxml2;
				INFOPLIST_FILE = "RSSReader/RSSReader-Info.plist";
				OTHER_LDFLAGS = "-lxml2";
				PRODUCT_NAME = "$(TARGET_NAME)";
				WRAPPER_EXTENSION = app;
			};
			name = Release;
		};
/* End XCBuildConfiguration section */

/* Begin XCConfigurationList section */
		ADBEC6231640C83600FC34F1 /* Build configuration list for PBXProject "RSSReader" */ = {
			isa = XCConfigurationList;
			buildConfigurations = (
				ADBEC64B1640C83600FC34F1 /* Debug */,
				ADBEC64C1640C83600FC34F1 /* Release */,
			);
			defaultConfigurationIsVisible = 0;
			defaultConfigurationName = Release;
		};
		ADBEC64D1640C83600FC34F1 /* Build configuration list for PBXNativeTarget "RSSReader" */ = {
			isa = XCConfigurationList;
			buildConfigurations = (
				ADBEC64E1640C83600FC34F1 /* Debug */,
				ADBEC64F1640C83600FC34F1 /* Release */,
			);
			defaultConfigurationIsVisible = 0;
			defaultConfigurationName = Release;
		};
/* End XCConfigurationList section */

/* Begin XCVersionGroup section */
		ADBEC6631640CC6F00FC34F1 /* RSSDataModel.xcdatamodeld */ = {
			isa = XCVersionGroup;
			children = (
				ADBEC6641640CC6F00FC34F1 /* RSSDataModel.xcdatamodel */,
			);
			currentVersion = ADBEC6641640CC6F00FC34F1 /* RSSDataModel.xcdatamodel */;
			path = RSSDataModel.xcdatamodeld;
			sourceTree = "<group>";
			versionGroupType = wrapper.xcdatamodel;
		};
/* End XCVersionGroup section */
	};
	rootObject = ADBEC6201640C83600FC34F1 /* Project object */;
}
